
Microsoft Visual Studio Solution File, Format Version 12.00
# Visual Studio 15
VisualStudioVersion = 15.0.25928.0
MinimumVisualStudioVersion = 10.0.40219.1
Project("{FAE04EC0-301F-11D3-BF4B-00C04F79EFBC}") = "YQL-Finance-ASX-200-Updater", "YQL-Finance-ASX-200-Updater\YQL-Finance-ASX-200-Updater.csproj", "{FD43CA34-F46C-41F6-BD1C-E19AAA2F1083}"
EndProject
Global
	GlobalSection(SolutionConfigurationPlatforms) = preSolution
		Debug|Any CPU = Debug|Any CPU
		Release|Any CPU = Release|Any CPU
	EndGlobalSection
	GlobalSection(ProjectConfigurationPlatforms) = postSolution
		{FD43CA34-F46C-41F6-BD1C-E19AAA2F1083}.Debug|Any CPU.ActiveCfg = Release|Any CPU
		{FD43CA34-F46C-41F6-BD1C-E19AAA2F1083}.Debug|Any CPU.Build.0 = Release|Any CPU
		{FD43CA34-F46C-41F6-BD1C-E19AAA2F1083}.Release|Any CPU.ActiveCfg = Release|Any CPU
		{FD43CA34-F46C-41F6-BD1C-E19AAA2F1083}.Release|Any CPU.Build.0 = Release|Any CPU
	EndGlobalSection
	GlobalSection(SolutionProperties) = preSolution
		HideSolutionNode = FALSE
	EndGlobalSection
EndGlobal
